
Microsoft Visual Studio Solution File, Format Version 12.00
# Visual Studio 15
VisualStudioVersion = 15.0.27004.2008
MinimumVisualStudioVersion = 10.0.40219.1
Project("{FAE04EC0-301F-11D3-BF4B-00C04F79EFBC}") = "App1.Android", "App1\App1.Android\App1.Android.csproj", "{83CCE51E-CDB4-4639-AB6D-FF27899AFCB6}"
EndProject
Project("{FAE04EC0-301F-11D3-BF4B-00C04F79EFBC}") = "App1", "App1\App1\App1.csproj", "{9712C413-0D52-4E15-BA6B-01A559C486B2}"
EndProject
Project("{FAE04EC0-301F-11D3-BF4B-00C04F79EFBC}") = "App1.iOS", "App1\App1.iOS\App1.iOS.csproj", "{4A3FD099-7A70-4208-9FAE-261CBDD53DD7}"
EndProject
Global
	GlobalSection(SolutionConfigurationPlatforms) = preSolution
		Ad-Hoc|Any CPU = Ad-Hoc|Any CPU
		Ad-Hoc|iPhone = Ad-Hoc|iPhone
		Ad-Hoc|iPhoneSimulator = Ad-Hoc|iPhoneSimulator
		AppStore|Any CPU = AppStore|Any CPU
		AppStore|iPhone = AppStore|iPhone
		AppStore|iPhoneSimulator = AppStore|iPhoneSimulator
		Debug|Any CPU = Debug|Any CPU
		Debug|iPhone = Debug|iPhone
		Debug|iPhoneSimulator = Debug|iPhoneSimulator
		Release|Any CPU = Release|Any CPU
		Release|iPhone = Release|iPhone
		Release|iPhoneSimulator = Release|iPhoneSimulator
	EndGlobalSection
	GlobalSection(ProjectConfigurationPlatforms) = postSolution
		{83CCE51E-CDB4-4639-AB6D-FF27899AFCB6}.Ad-Hoc|Any CPU.ActiveCfg = Release|Any CPU
		{83CCE51E-CDB4-4639-AB6D-FF27899AFCB6}.Ad-Hoc|Any CPU.Build.0 = Release|Any CPU
		{83CCE51E-CDB4-4639-AB6D-FF27899AFCB6}.Ad-Hoc|Any CPU.Deploy.0 = Release|Any CPU
		{83CCE51E-CDB4-4639-AB6D-FF27899AFCB6}.Ad-Hoc|iPhone.ActiveCfg = Release|Any CPU
		{83CCE51E-CDB4-4639-AB6D-FF27899AFCB6}.Ad-Hoc|iPhone.Build.0 = Release|Any CPU
		{83CCE51E-CDB4-4639-AB6D-FF27899AFCB6}.Ad-Hoc|iPhone.Deploy.0 = Release|Any CPU
		{83CCE51E-CDB4-4639-AB6D-FF27899AFCB6}.Ad-Hoc|iPhoneSimulator.ActiveCfg = Release|Any CPU
		{83CCE51E-CDB4-4639-AB6D-FF27899AFCB6}.Ad-Hoc|iPhoneSimulator.Build.0 = Release|Any CPU
		{83CCE51E-CDB4-4639-AB6D-FF27899AFCB6}.Ad-Hoc|iPhoneSimulator.Deploy.0 = Release|Any CPU
		{83CCE51E-CDB4-4639-AB6D-FF27899AFCB6}.AppStore|Any CPU.ActiveCfg = Release|Any CPU
		{83CCE51E-CDB4-4639-AB6D-FF27899AFCB6}.AppStore|Any CPU.Build.0 = Release|Any CPU
		{83CCE51E-CDB4-4639-AB6D-FF27899AFCB6}.AppStore|Any CPU.Deploy.0 = Release|Any CPU
		{83CCE51E-CDB4-4639-AB6D-FF27899AFCB6}.AppStore|iPhone.ActiveCfg = Release|Any CPU
		{83CCE51E-CDB4-4639-AB6D-FF27899AFCB6}.AppStore|iPhone.Build.0 = Release|Any CPU
		{83CCE51E-CDB4-4639-AB6D-FF27899AFCB6}.AppStore|iPhone.Deploy.0 = Release|Any CPU
		{83CCE51E-CDB4-4639-AB6D-FF27899AFCB6}.AppStore|iPhoneSimulator.ActiveCfg = Release|Any CPU
		{83CCE51E-CDB4-4639-AB6D-FF27899AFCB6}.AppStore|iPhoneSimulator.Build.0 = Release|Any CPU
		{83CCE51E-CDB4-4639-AB6D-FF27899AFCB6}.AppStore|iPhoneSimulator.Deploy.0 = Release|Any CPU
		{83CCE51E-CDB4-4639-AB6D-FF27899AFCB6}.Debug|Any CPU.ActiveCfg = Debug|Any CPU
		{83CCE51E-CDB4-4639-AB6D-FF27899AFCB6}.Debug|Any CPU.Build.0 = Debug|Any CPU
		{83CCE51E-CDB4-4639-AB6D-FF27899AFCB6}.Debug|Any CPU.Deploy.0 = Debug|Any CPU
		{83CCE51E-CDB4-4639-AB6D-FF27899AFCB6}.Debug|iPhone.ActiveCfg = Debug|Any CPU
		{83CCE51E-CDB4-4639-AB6D-FF27899AFCB6}.Debug|iPhone.Build.0 = Debug|Any CPU
		{83CCE51E-CDB4-4639-AB6D-FF27899AFCB6}.Debug|iPhone.Deploy.0 = Debug|Any CPU
		{83CCE51E-CDB4-4639-AB6D-FF27899AFCB6}.Debug|iPhoneSimulator.ActiveCfg = Debug|Any CPU
		{83CCE51E-CDB4-4639-AB6D-FF27899AFCB6}.Debug|iPhoneSimulator.Build.0 = Debug|Any CPU
		{83CCE51E-CDB4-4639-AB6D-FF27899AFCB6}.Debug|iPhoneSimulator.Deploy.0 = Debug|Any CPU
		{83CCE51E-CDB4-4639-AB6D-FF27899AFCB6}.Release|Any CPU.ActiveCfg = Release|Any CPU
		{83CCE51E-CDB4-4639-AB6D-FF27899AFCB6}.Release|Any CPU.Build.0 = Release|Any CPU
		{83CCE51E-CDB4-4639-AB6D-FF27899AFCB6}.Release|Any CPU.Deploy.0 = Release|Any CPU
		{83CCE51E-CDB4-4639-AB6D-FF27899AFCB6}.Release|iPhone.ActiveCfg = Release|Any CPU
		{83CCE51E-CDB4-4639-AB6D-FF27899AFCB6}.Release|iPhone.Build.0 = Release|Any CPU
		{83CCE51E-CDB4-4639-AB6D-FF27899AFCB6}.Release|iPhone.Deploy.0 = Release|Any CPU
		{83CCE51E-CDB4-4639-AB6D-FF27899AFCB6}.Release|iPhoneSimulator.ActiveCfg = Release|Any CPU
		{83CCE51E-CDB4-4639-AB6D-FF27899AFCB6}.Release|iPhoneSimulator.Build.0 = Release|Any CPU
		{83CCE51E-CDB4-4639-AB6D-FF27899AFCB6}.Release|iPhoneSimulator.Deploy.0 = Release|Any CPU
		{9712C413-0D52-4E15-BA6B-01A559C486B2}.Ad-Hoc|Any CPU.ActiveCfg = Release|Any CPU
		{9712C413-0D52-4E15-BA6B-01A559C486B2}.Ad-Hoc|Any CPU.Build.0 = Release|Any CPU
		{9712C413-0D52-4E15-BA6B-01A559C486B2}.Ad-Hoc|iPhone.ActiveCfg = Release|Any CPU
		{9712C413-0D52-4E15-BA6B-01A559C486B2}.Ad-Hoc|iPhone.Build.0 = Release|Any CPU
		{9712C413-0D52-4E15-BA6B-01A559C486B2}.Ad-Hoc|iPhoneSimulator.ActiveCfg = Release|Any CPU
		{9712C413-0D52-4E15-BA6B-01A559C486B2}.Ad-Hoc|iPhoneSimulator.Build.0 = Release|Any CPU
		{9712C413-0D52-4E15-BA6B-01A559C486B2}.AppStore|Any CPU.ActiveCfg = Release|Any CPU
		{9712C413-0D52-4E15-BA6B-01A559C486B2}.AppStore|Any CPU.Build.0 = Release|Any CPU
		{9712C413-0D52-4E15-BA6B-01A559C486B2}.AppStore|iPhone.ActiveCfg = Release|Any CPU
		{9712C413-0D52-4E15-BA6B-01A559C486B2}.AppStore|iPhone.Build.0 = Release|Any CPU
		{9712C413-0D52-4E15-BA6B-01A559C486B2}.AppStore|iPhoneSimulator.ActiveCfg = Release|Any CPU
		{9712C413-0D52-4E15-BA6B-01A559C486B2}.AppStore|iPhoneSimulator.Build.0 = Release|Any CPU
		{9712C413-0D52-4E15-BA6B-01A559C486B2}.Debug|Any CPU.ActiveCfg = Debug|Any CPU
		{9712C413-0D52-4E15-BA6B-01A559C486B2}.Debug|Any CPU.Build.0 = Debug|Any CPU
		{9712C413-0D52-4E15-BA6B-01A559C486B2}.Debug|iPhone.ActiveCfg = Debug|Any CPU
		{9712C413-0D52-4E15-BA6B-01A559C486B2}.Debug|iPhone.Build.0 = Debug|Any CPU
		{9712C413-0D52-4E15-BA6B-01A559C486B2}.Debug|iPhoneSimulator.ActiveCfg = Debug|Any CPU
		{9712C413-0D52-4E15-BA6B-01A559C486B2}.Debug|iPhoneSimulator.Build.0 = Debug|Any CPU
		{9712C413-0D52-4E15-BA6B-01A559C486B2}.Release|Any CPU.ActiveCfg = Release|Any CPU
		{9712C413-0D52-4E15-BA6B-01A559C486B2}.Release|Any CPU.Build.0 = Release|Any CPU
		{9712C413-0D52-4E15-BA6B-01A559C486B2}.Release|iPhone.ActiveCfg = Release|Any CPU
		{9712C413-0D52-4E15-BA6B-01A559C486B2}.Release|iPhone.Build.0 = Release|Any CPU
		{9712C413-0D52-4E15-BA6B-01A559C486B2}.Release|iPhoneSimulator.ActiveCfg = Release|Any CPU
		{9712C413-0D52-4E15-BA6B-01A559C486B2}.Release|iPhoneSimulator.Build.0 = Release|Any CPU
		{4A3FD099-7A70-4208-9FAE-261CBDD53DD7}.Ad-Hoc|Any CPU.ActiveCfg = Ad-Hoc|iPhoneSimulator
		{4A3FD099-7A70-4208-9FAE-261CBDD53DD7}.Ad-Hoc|iPhone.ActiveCfg = Ad-Hoc|iPhone
		{4A3FD099-7A70-4208-9FAE-261CBDD53DD7}.Ad-Hoc|iPhone.Build.0 = Ad-Hoc|iPhone
		{4A3FD099-7A70-4208-9FAE-261CBDD53DD7}.Ad-Hoc|iPhoneSimulator.ActiveCfg = Ad-Hoc|iPhoneSimulator
		{4A3FD099-7A70-4208-9FAE-261CBDD53DD7}.Ad-Hoc|iPhoneSimulator.Build.0 = Ad-Hoc|iPhoneSimulator
		{4A3FD099-7A70-4208-9FAE-261CBDD53DD7}.AppStore|Any CPU.ActiveCfg = AppStore|iPhoneSimulator
		{4A3FD099-7A70-4208-9FAE-261CBDD53DD7}.AppStore|iPhone.ActiveCfg = AppStore|iPhone
		{4A3FD099-7A70-4208-9FAE-261CBDD53DD7}.AppStore|iPhone.Build.0 = AppStore|iPhone
		{4A3FD099-7A70-4208-9FAE-261CBDD53DD7}.AppStore|iPhoneSimulator.ActiveCfg = AppStore|iPhoneSimulator
		{4A3FD099-7A70-4208-9FAE-261CBDD53DD7}.AppStore|iPhoneSimulator.Build.0 = AppStore|iPhoneSimulator
		{4A3FD099-7A70-4208-9FAE-261CBDD53DD7}.Debug|Any CPU.ActiveCfg = Debug|iPhoneSimulator
		{4A3FD099-7A70-4208-9FAE-261CBDD53DD7}.Debug|iPhone.ActiveCfg = Debug|iPhone
		{4A3FD099-7A70-4208-9FAE-261CBDD53DD7}.Debug|iPhone.Build.0 = Debug|iPhone
		{4A3FD099-7A70-4208-9FAE-261CBDD53DD7}.Debug|iPhoneSimulator.ActiveCfg = Debug|iPhoneSimulator
		{4A3FD099-7A70-4208-9FAE-261CBDD53DD7}.Debug|iPhoneSimulator.Build.0 = Debug|iPhoneSimulator
		{4A3FD099-7A70-4208-9FAE-261CBDD53DD7}.Release|Any CPU.ActiveCfg = Release|iPhoneSimulator
		{4A3FD099-7A70-4208-9FAE-261CBDD53DD7}.Release|iPhone.ActiveCfg = Release|iPhone
		{4A3FD099-7A70-4208-9FAE-261CBDD53DD7}.Release|iPhone.Build.0 = Release|iPhone
		{4A3FD099-7A70-4208-9FAE-261CBDD53DD7}.Release|iPhoneSimulator.ActiveCfg = Release|iPhoneSimulator
		{4A3FD099-7A70-4208-9FAE-261CBDD53DD7}.Release|iPhoneSimulator.Build.0 = Release|iPhoneSimulator
	EndGlobalSection
	GlobalSection(SolutionProperties) = preSolution
		HideSolutionNode = FALSE
	EndGlobalSection
	GlobalSection(ExtensibilityGlobals) = postSolution
		SolutionGuid = {A6D9E33F-1B60-4425-9DCB-0642ED5EF9A2}
	EndGlobalSection
EndGlobal
